
Microsoft Visual Studio Solution File, Format Version 12.00
# Visual Studio 15
VisualStudioVersion = 15.0.27130.2036
MinimumVisualStudioVersion = 10.0.40219.1
Project("{9A19103F-16F7-4668-BE54-9A1E7A4F7556}") = "webapi", "webapi\webapi.csproj", "{7870B9D6-0419-41D1-B984-22898C2ED2B8}"
EndProject
Project("{E53339B2-1760-4266-BCC7-CA923CBCF16C}") = "docker-compose", "docker-compose.dcproj", "{E1407ED0-7383-4115-9537-1A81494F7F22}"
EndProject
Global
	GlobalSection(SolutionConfigurationPlatforms) = preSolution
		Debug|Any CPU = Debug|Any CPU
		Release|Any CPU = Release|Any CPU
	EndGlobalSection
	GlobalSection(ProjectConfigurationPlatforms) = postSolution
		{7870B9D6-0419-41D1-B984-22898C2ED2B8}.Debug|Any CPU.ActiveCfg = Debug|Any CPU
		{7870B9D6-0419-41D1-B984-22898C2ED2B8}.Debug|Any CPU.Build.0 = Debug|Any CPU
		{7870B9D6-0419-41D1-B984-22898C2ED2B8}.Release|Any CPU.ActiveCfg = Release|Any CPU
		{7870B9D6-0419-41D1-B984-22898C2ED2B8}.Release|Any CPU.Build.0 = Release|Any CPU
		{E1407ED0-7383-4115-9537-1A81494F7F22}.Debug|Any CPU.ActiveCfg = Debug|Any CPU
		{E1407ED0-7383-4115-9537-1A81494F7F22}.Debug|Any CPU.Build.0 = Debug|Any CPU
		{E1407ED0-7383-4115-9537-1A81494F7F22}.Release|Any CPU.ActiveCfg = Release|Any CPU
		{E1407ED0-7383-4115-9537-1A81494F7F22}.Release|Any CPU.Build.0 = Release|Any CPU
	EndGlobalSection
	GlobalSection(SolutionProperties) = preSolution
		HideSolutionNode = FALSE
	EndGlobalSection
	GlobalSection(ExtensibilityGlobals) = postSolution
		SolutionGuid = {5B7DD6F4-68C9-4456-B3FF-DAFAD9E1841C}
	EndGlobalSection
EndGlobal
